// !$*UTF8*$!
{
	archiveVersion = 1;
	classes = {
	};
	objectVersion = 50;
	objects = {

/* Begin PBXBuildFile section */
		BE63BACE244F17ED00E978AC /* AppDelegate.swift in Sources */ = {isa = PBXBuildFile; fileRef = BE63BACD244F17ED00E978AC /* AppDelegate.swift */; };
		BE63BAD5244F17ED00E978AC /* Main.storyboard in Resources */ = {isa = PBXBuildFile; fileRef = BE63BAD3244F17ED00E978AC /* Main.storyboard */; };
		BE63BAD7244F17F100E978AC /* Assets.xcassets in Resources */ = {isa = PBXBuildFile; fileRef = BE63BAD6244F17F100E978AC /* Assets.xcassets */; };
		BE63BADA244F17F100E978AC /* LaunchScreen.storyboard in Resources */ = {isa = PBXBuildFile; fileRef = BE63BAD8244F17F100E978AC /* LaunchScreen.storyboard */; };
		BE63BAF4244F18B600E978AC /* Repository.swift in Sources */ = {isa = PBXBuildFile; fileRef = BE63BAF3244F18B600E978AC /* Repository.swift */; };
		BE63BAF5244F18B600E978AC /* Repository.swift in Sources */ = {isa = PBXBuildFile; fileRef = BE63BAF3244F18B600E978AC /* Repository.swift */; };
		BE63BAF8244F231C00E978AC /* Owner.swift in Sources */ = {isa = PBXBuildFile; fileRef = BE63BAF7244F231C00E978AC /* Owner.swift */; };
		BE63BAF9244F231C00E978AC /* Owner.swift in Sources */ = {isa = PBXBuildFile; fileRef = BE63BAF7244F231C00E978AC /* Owner.swift */; };
		BE63BAFC244F277B00E978AC /* Date+DateFormater.swift in Sources */ = {isa = PBXBuildFile; fileRef = BE63BAFB244F277B00E978AC /* Date+DateFormater.swift */; };
		BE63BAFD244F277B00E978AC /* Date+DateFormater.swift in Sources */ = {isa = PBXBuildFile; fileRef = BE63BAFB244F277B00E978AC /* Date+DateFormater.swift */; };
		BE63BB00244F28CF00E978AC /* SearchServiceInterface.swift in Sources */ = {isa = PBXBuildFile; fileRef = BE63BAFF244F28CF00E978AC /* SearchServiceInterface.swift */; };
		BE63BB01244F28CF00E978AC /* SearchServiceInterface.swift in Sources */ = {isa = PBXBuildFile; fileRef = BE63BAFF244F28CF00E978AC /* SearchServiceInterface.swift */; };
		BE63BB03244F299800E978AC /* SearchService.swift in Sources */ = {isa = PBXBuildFile; fileRef = BE63BB02244F299800E978AC /* SearchService.swift */; };
		BE63BB04244F299800E978AC /* SearchService.swift in Sources */ = {isa = PBXBuildFile; fileRef = BE63BB02244F299800E978AC /* SearchService.swift */; };
		BE63BB08244F308D00E978AC /* SearchServiceTest.swift in Sources */ = {isa = PBXBuildFile; fileRef = BE63BB06244F308D00E978AC /* SearchServiceTest.swift */; };
		BE63BB0B244F347100E978AC /* APIError.swift in Sources */ = {isa = PBXBuildFile; fileRef = BE63BB0A244F347100E978AC /* APIError.swift */; };
		BE63BB0C244F347100E978AC /* APIError.swift in Sources */ = {isa = PBXBuildFile; fileRef = BE63BB0A244F347100E978AC /* APIError.swift */; };
		BE63BB11244F38D700E978AC /* SearchViewController.swift in Sources */ = {isa = PBXBuildFile; fileRef = BE63BB10244F38D700E978AC /* SearchViewController.swift */; };
		BE63BB12244F38D700E978AC /* SearchViewController.swift in Sources */ = {isa = PBXBuildFile; fileRef = BE63BB10244F38D700E978AC /* SearchViewController.swift */; };
		BE63BB17244F42EB00E978AC /* SearchTableViewCell.swift in Sources */ = {isa = PBXBuildFile; fileRef = BE63BB16244F42EB00E978AC /* SearchTableViewCell.swift */; };
		BE63BB18244F42EB00E978AC /* SearchTableViewCell.swift in Sources */ = {isa = PBXBuildFile; fileRef = BE63BB16244F42EB00E978AC /* SearchTableViewCell.swift */; };
		BE63BB1E245075B200E978AC /* SearchViewRouter.swift in Sources */ = {isa = PBXBuildFile; fileRef = BE63BB1D245075B200E978AC /* SearchViewRouter.swift */; };
		BE63BB1F245075B200E978AC /* SearchViewRouter.swift in Sources */ = {isa = PBXBuildFile; fileRef = BE63BB1D245075B200E978AC /* SearchViewRouter.swift */; };
		BE63BB222450772600E978AC /* BaseViewRouter.swift in Sources */ = {isa = PBXBuildFile; fileRef = BE63BB212450772600E978AC /* BaseViewRouter.swift */; };
		BE63BB232450772600E978AC /* BaseViewRouter.swift in Sources */ = {isa = PBXBuildFile; fileRef = BE63BB212450772600E978AC /* BaseViewRouter.swift */; };
		BE63BB2524507A2200E978AC /* RepositoryDetailsViewController.swift in Sources */ = {isa = PBXBuildFile; fileRef = BE63BB2424507A2200E978AC /* RepositoryDetailsViewController.swift */; };
		BE63BB2624507A2200E978AC /* RepositoryDetailsViewController.swift in Sources */ = {isa = PBXBuildFile; fileRef = BE63BB2424507A2200E978AC /* RepositoryDetailsViewController.swift */; };
/* End PBXBuildFile section */

/* Begin PBXContainerItemProxy section */
		BE63BAE1244F17F100E978AC /* PBXContainerItemProxy */ = {
			isa = PBXContainerItemProxy;
			containerPortal = BE63BAC2244F17ED00E978AC /* Project object */;
			proxyType = 1;
			remoteGlobalIDString = BE63BAC9244F17ED00E978AC;
			remoteInfo = GtihubSearch;
		};
/* End PBXContainerItemProxy section */

/* Begin PBXFileReference section */
		BE63BACA244F17ED00E978AC /* GithubSearch.app */ = {isa = PBXFileReference; explicitFileType = wrapper.application; includeInIndex = 0; path = GithubSearch.app; sourceTree = BUILT_PRODUCTS_DIR; };
		BE63BACD244F17ED00E978AC /* AppDelegate.swift */ = {isa = PBXFileReference; lastKnownFileType = sourcecode.swift; path = AppDelegate.swift; sourceTree = "<group>"; };
		BE63BAD4244F17ED00E978AC /* Base */ = {isa = PBXFileReference; lastKnownFileType = file.storyboard; name = Base; path = Base.lproj/Main.storyboard; sourceTree = "<group>"; };
		BE63BAD6244F17F100E978AC /* Assets.xcassets */ = {isa = PBXFileReference; lastKnownFileType = folder.assetcatalog; path = Assets.xcassets; sourceTree = "<group>"; };
		BE63BAD9244F17F100E978AC /* Base */ = {isa = PBXFileReference; lastKnownFileType = file.storyboard; name = Base; path = Base.lproj/LaunchScreen.storyboard; sourceTree = "<group>"; };
		BE63BADB244F17F100E978AC /* Info.plist */ = {isa = PBXFileReference; lastKnownFileType = text.plist.xml; path = Info.plist; sourceTree = "<group>"; };
		BE63BAE0244F17F100E978AC /* GithubSearchTests.xctest */ = {isa = PBXFileReference; explicitFileType = wrapper.cfbundle; includeInIndex = 0; path = GithubSearchTests.xctest; sourceTree = BUILT_PRODUCTS_DIR; };
		BE63BAE6244F17F100E978AC /* Info.plist */ = {isa = PBXFileReference; lastKnownFileType = text.plist.xml; path = Info.plist; sourceTree = "<group>"; };
		BE63BAF3244F18B600E978AC /* Repository.swift */ = {isa = PBXFileReference; lastKnownFileType = sourcecode.swift; path = Repository.swift; sourceTree = "<group>"; };
		BE63BAF7244F231C00E978AC /* Owner.swift */ = {isa = PBXFileReference; lastKnownFileType = sourcecode.swift; path = Owner.swift; sourceTree = "<group>"; };
		BE63BAFB244F277B00E978AC /* Date+DateFormater.swift */ = {isa = PBXFileReference; lastKnownFileType = sourcecode.swift; path = "Date+DateFormater.swift"; sourceTree = "<group>"; };
		BE63BAFF244F28CF00E978AC /* SearchServiceInterface.swift */ = {isa = PBXFileReference; lastKnownFileType = sourcecode.swift; path = SearchServiceInterface.swift; sourceTree = "<group>"; };
		BE63BB02244F299800E978AC /* SearchService.swift */ = {isa = PBXFileReference; lastKnownFileType = sourcecode.swift; path = SearchService.swift; sourceTree = "<group>"; };
		BE63BB06244F308D00E978AC /* SearchServiceTest.swift */ = {isa = PBXFileReference; lastKnownFileType = sourcecode.swift; path = SearchServiceTest.swift; sourceTree = "<group>"; };
		BE63BB0A244F347100E978AC /* APIError.swift */ = {isa = PBXFileReference; lastKnownFileType = sourcecode.swift; path = APIError.swift; sourceTree = "<group>"; };
		BE63BB10244F38D700E978AC /* SearchViewController.swift */ = {isa = PBXFileReference; lastKnownFileType = sourcecode.swift; path = SearchViewController.swift; sourceTree = "<group>"; };
		BE63BB16244F42EB00E978AC /* SearchTableViewCell.swift */ = {isa = PBXFileReference; lastKnownFileType = sourcecode.swift; path = SearchTableViewCell.swift; sourceTree = "<group>"; };
		BE63BB1D245075B200E978AC /* SearchViewRouter.swift */ = {isa = PBXFileReference; lastKnownFileType = sourcecode.swift; path = SearchViewRouter.swift; sourceTree = "<group>"; };
		BE63BB212450772600E978AC /* BaseViewRouter.swift */ = {isa = PBXFileReference; lastKnownFileType = sourcecode.swift; path = BaseViewRouter.swift; sourceTree = "<group>"; };
		BE63BB2424507A2200E978AC /* RepositoryDetailsViewController.swift */ = {isa = PBXFileReference; lastKnownFileType = sourcecode.swift; path = RepositoryDetailsViewController.swift; sourceTree = "<group>"; };
/* End PBXFileReference section */

/* Begin PBXFrameworksBuildPhase section */
		BE63BAC7244F17ED00E978AC /* Frameworks */ = {
			isa = PBXFrameworksBuildPhase;
			buildActionMask = 2147483647;
			files = (
			);
			runOnlyForDeploymentPostprocessing = 0;
		};
		BE63BADD244F17F100E978AC /* Frameworks */ = {
			isa = PBXFrameworksBuildPhase;
			buildActionMask = 2147483647;
			files = (
			);
			runOnlyForDeploymentPostprocessing = 0;
		};
/* End PBXFrameworksBuildPhase section */

/* Begin PBXGroup section */
		BE63BAC1244F17ED00E978AC = {
			isa = PBXGroup;
			children = (
				BE63BACC244F17ED00E978AC /* GithubSearch */,
				BE63BAE3244F17F100E978AC /* GtihubSearchTests */,
				BE63BACB244F17ED00E978AC /* Products */,
			);
			sourceTree = "<group>";
		};
		BE63BACB244F17ED00E978AC /* Products */ = {
			isa = PBXGroup;
			children = (
				BE63BACA244F17ED00E978AC /* GithubSearch.app */,
				BE63BAE0244F17F100E978AC /* GithubSearchTests.xctest */,
			);
			name = Products;
			sourceTree = "<group>";
		};
		BE63BACC244F17ED00E978AC /* GithubSearch */ = {
			isa = PBXGroup;
			children = (
				BE63BB0D244F383400E978AC /* Modules */,
				BE63BAF1244F182100E978AC /* Common */,
				BE63BAF0244F180F00E978AC /* SupportingFiles */,
				BE63BAEF244F180300E978AC /* Resources */,
			);
			path = GithubSearch;
			sourceTree = "<group>";
		};
		BE63BAE3244F17F100E978AC /* GtihubSearchTests */ = {
			isa = PBXGroup;
			children = (
				BE63BB05244F308100E978AC /* Service */,
				BE63BAE6244F17F100E978AC /* Info.plist */,
			);
			path = GtihubSearchTests;
			sourceTree = "<group>";
		};
		BE63BAEF244F180300E978AC /* Resources */ = {
			isa = PBXGroup;
			children = (
				BE63BAD6244F17F100E978AC /* Assets.xcassets */,
			);
			path = Resources;
			sourceTree = "<group>";
		};
		BE63BAF0244F180F00E978AC /* SupportingFiles */ = {
			isa = PBXGroup;
			children = (
				BE63BACD244F17ED00E978AC /* AppDelegate.swift */,
				BE63BAD3244F17ED00E978AC /* Main.storyboard */,
				BE63BAD8244F17F100E978AC /* LaunchScreen.storyboard */,
				BE63BADB244F17F100E978AC /* Info.plist */,
			);
			path = SupportingFiles;
			sourceTree = "<group>";
		};
		BE63BAF1244F182100E978AC /* Common */ = {
			isa = PBXGroup;
			children = (
				BE63BB09244F346800E978AC /* API */,
				BE63BAFE244F28C100E978AC /* Service */,
				BE63BAFA244F276700E978AC /* Utils */,
				BE63BAF2244F189300E978AC /* Entities */,
			);
			path = Common;
			sourceTree = "<group>";
		};
		BE63BAF2244F189300E978AC /* Entities */ = {
			isa = PBXGroup;
			children = (
				BE63BAF3244F18B600E978AC /* Repository.swift */,
				BE63BAF7244F231C00E978AC /* Owner.swift */,
			);
			path = Entities;
			sourceTree = "<group>";
		};
		BE63BAFA244F276700E978AC /* Utils */ = {
			isa = PBXGroup;
			children = (
				BE63BAFB244F277B00E978AC /* Date+DateFormater.swift */,
			);
			path = Utils;
			sourceTree = "<group>";
		};
		BE63BAFE244F28C100E978AC /* Service */ = {
			isa = PBXGroup;
			children = (
				BE63BAFF244F28CF00E978AC /* SearchServiceInterface.swift */,
				BE63BB02244F299800E978AC /* SearchService.swift */,
			);
			path = Service;
			sourceTree = "<group>";
		};
		BE63BB05244F308100E978AC /* Service */ = {
			isa = PBXGroup;
			children = (
				BE63BB06244F308D00E978AC /* SearchServiceTest.swift */,
			);
			path = Service;
			sourceTree = "<group>";
		};
		BE63BB09244F346800E978AC /* API */ = {
			isa = PBXGroup;
			children = (
				BE63BB0A244F347100E978AC /* APIError.swift */,
			);
			path = API;
			sourceTree = "<group>";
		};
		BE63BB0D244F383400E978AC /* Modules */ = {
			isa = PBXGroup;
			children = (
				BE63BB202450771800E978AC /* Utils */,
				BE63BB0F244F38BE00E978AC /* Details */,
				BE63BB0E244F38B700E978AC /* Search */,
			);
			path = Modules;
			sourceTree = "<group>";
		};
		BE63BB0E244F38B700E978AC /* Search */ = {
			isa = PBXGroup;
			children = (
				BE63BB10244F38D700E978AC /* SearchViewController.swift */,
				BE63BB16244F42EB00E978AC /* SearchTableViewCell.swift */,
				BE63BB1D245075B200E978AC /* SearchViewRouter.swift */,
			);
			path = Search;
			sourceTree = "<group>";
		};
		BE63BB0F244F38BE00E978AC /* Details */ = {
			isa = PBXGroup;
			children = (
				BE63BB2424507A2200E978AC /* RepositoryDetailsViewController.swift */,
			);
			path = Details;
			sourceTree = "<group>";
		};
		BE63BB202450771800E978AC /* Utils */ = {
			isa = PBXGroup;
			children = (
				BE63BB212450772600E978AC /* BaseViewRouter.swift */,
			);
			path = Utils;
			sourceTree = "<group>";
		};
/* End PBXGroup section */

/* Begin PBXNativeTarget section */
		BE63BAC9244F17ED00E978AC /* GithubSearch */ = {
			isa = PBXNativeTarget;
			buildConfigurationList = BE63BAE9244F17F100E978AC /* Build configuration list for PBXNativeTarget "GithubSearch" */;
			buildPhases = (
				BE63BAC6244F17ED00E978AC /* Sources */,
				BE63BAC7244F17ED00E978AC /* Frameworks */,
				BE63BAC8244F17ED00E978AC /* Resources */,
			);
			buildRules = (
			);
			dependencies = (
			);
			name = GithubSearch;
			productName = GtihubSearch;
			productReference = BE63BACA244F17ED00E978AC /* GithubSearch.app */;
			productType = "com.apple.product-type.application";
		};
		BE63BADF244F17F100E978AC /* GithubSearchTests */ = {
			isa = PBXNativeTarget;
			buildConfigurationList = BE63BAEC244F17F100E978AC /* Build configuration list for PBXNativeTarget "GithubSearchTests" */;
			buildPhases = (
				BE63BADC244F17F100E978AC /* Sources */,
				BE63BADD244F17F100E978AC /* Frameworks */,
				BE63BADE244F17F100E978AC /* Resources */,
			);
			buildRules = (
			);
			dependencies = (
				BE63BAE2244F17F100E978AC /* PBXTargetDependency */,
			);
			name = GithubSearchTests;
			productName = GtihubSearchTests;
			productReference = BE63BAE0244F17F100E978AC /* GithubSearchTests.xctest */;
			productType = "com.apple.product-type.bundle.unit-test";
		};
/* End PBXNativeTarget section */

/* Begin PBXProject section */
		BE63BAC2244F17ED00E978AC /* Project object */ = {
			isa = PBXProject;
			attributes = {
				LastSwiftUpdateCheck = 1140;
				LastUpgradeCheck = 1140;
				ORGANIZATIONNAME = "Jure Čular";
				TargetAttributes = {
					BE63BAC9244F17ED00E978AC = {
						CreatedOnToolsVersion = 11.4.1;
					};
					BE63BADF244F17F100E978AC = {
						CreatedOnToolsVersion = 11.4.1;
						TestTargetID = BE63BAC9244F17ED00E978AC;
					};
				};
			};
			buildConfigurationList = BE63BAC5244F17ED00E978AC /* Build configuration list for PBXProject "GithubSearch" */;
			compatibilityVersion = "Xcode 9.3";
			developmentRegion = en;
			hasScannedForEncodings = 0;
			knownRegions = (
				en,
				Base,
			);
			mainGroup = BE63BAC1244F17ED00E978AC;
			productRefGroup = BE63BACB244F17ED00E978AC /* Products */;
			projectDirPath = "";
			projectRoot = "";
			targets = (
				BE63BAC9244F17ED00E978AC /* GithubSearch */,
				BE63BADF244F17F100E978AC /* GithubSearchTests */,
			);
		};
/* End PBXProject section */

/* Begin PBXResourcesBuildPhase section */
		BE63BAC8244F17ED00E978AC /* Resources */ = {
			isa = PBXResourcesBuildPhase;
			buildActionMask = 2147483647;
			files = (
				BE63BADA244F17F100E978AC /* LaunchScreen.storyboard in Resources */,
				BE63BAD7244F17F100E978AC /* Assets.xcassets in Resources */,
				BE63BAD5244F17ED00E978AC /* Main.storyboard in Resources */,
			);
			runOnlyForDeploymentPostprocessing = 0;
		};
		BE63BADE244F17F100E978AC /* Resources */ = {
			isa = PBXResourcesBuildPhase;
			buildActionMask = 2147483647;
			files = (
			);
			runOnlyForDeploymentPostprocessing = 0;
		};
/* End PBXResourcesBuildPhase section */

/* Begin PBXSourcesBuildPhase section */
		BE63BAC6244F17ED00E978AC /* Sources */ = {
			isa = PBXSourcesBuildPhase;
			buildActionMask = 2147483647;
			files = (
				BE63BB11244F38D700E978AC /* SearchViewController.swift in Sources */,
				BE63BB2524507A2200E978AC /* RepositoryDetailsViewController.swift in Sources */,
				BE63BB00244F28CF00E978AC /* SearchServiceInterface.swift in Sources */,
				BE63BAFC244F277B00E978AC /* Date+DateFormater.swift in Sources */,
				BE63BACE244F17ED00E978AC /* AppDelegate.swift in Sources */,
				BE63BB222450772600E978AC /* BaseViewRouter.swift in Sources */,
				BE63BB03244F299800E978AC /* SearchService.swift in Sources */,
				BE63BB1E245075B200E978AC /* SearchViewRouter.swift in Sources */,
				BE63BAF8244F231C00E978AC /* Owner.swift in Sources */,
				BE63BB17244F42EB00E978AC /* SearchTableViewCell.swift in Sources */,
				BE63BAF4244F18B600E978AC /* Repository.swift in Sources */,
				BE63BB0B244F347100E978AC /* APIError.swift in Sources */,
			);
			runOnlyForDeploymentPostprocessing = 0;
		};
		BE63BADC244F17F100E978AC /* Sources */ = {
			isa = PBXSourcesBuildPhase;
			buildActionMask = 2147483647;
			files = (
				BE63BB08244F308D00E978AC /* SearchServiceTest.swift in Sources */,
				BE63BB01244F28CF00E978AC /* SearchServiceInterface.swift in Sources */,
				BE63BB12244F38D700E978AC /* SearchViewController.swift in Sources */,
				BE63BAFD244F277B00E978AC /* Date+DateFormater.swift in Sources */,
				BE63BB1F245075B200E978AC /* SearchViewRouter.swift in Sources */,
				BE63BB04244F299800E978AC /* SearchService.swift in Sources */,
				BE63BAF9244F231C00E978AC /* Owner.swift in Sources */,
				BE63BAF5244F18B600E978AC /* Repository.swift in Sources */,
				BE63BB0C244F347100E978AC /* APIError.swift in Sources */,
				BE63BB2624507A2200E978AC /* RepositoryDetailsViewController.swift in Sources */,
				BE63BB232450772600E978AC /* BaseViewRouter.swift in Sources */,
				BE63BB18244F42EB00E978AC /* SearchTableViewCell.swift in Sources */,
			);
			runOnlyForDeploymentPostprocessing = 0;
		};
/* End PBXSourcesBuildPhase section */

/* Begin PBXTargetDependency section */
		BE63BAE2244F17F100E978AC /* PBXTargetDependency */ = {
			isa = PBXTargetDependency;
			target = BE63BAC9244F17ED00E978AC /* GithubSearch */;
			targetProxy = BE63BAE1244F17F100E978AC /* PBXContainerItemProxy */;
		};
/* End PBXTargetDependency section */

/* Begin PBXVariantGroup section */
		BE63BAD3244F17ED00E978AC /* Main.storyboard */ = {
			isa = PBXVariantGroup;
			children = (
				BE63BAD4244F17ED00E978AC /* Base */,
			);
			name = Main.storyboard;
			sourceTree = "<group>";
		};
		BE63BAD8244F17F100E978AC /* LaunchScreen.storyboard */ = {
			isa = PBXVariantGroup;
			children = (
				BE63BAD9244F17F100E978AC /* Base */,
			);
			name = LaunchScreen.storyboard;
			sourceTree = "<group>";
		};
/* End PBXVariantGroup section */

/* Begin XCBuildConfiguration section */
		BE63BAE7244F17F100E978AC /* Debug */ = {
			isa = XCBuildConfiguration;
			buildSettings = {
				ALWAYS_SEARCH_USER_PATHS = NO;
				CLANG_ANALYZER_NONNULL = YES;
				CLANG_ANALYZER_NUMBER_OBJECT_CONVERSION = YES_AGGRESSIVE;
				CLANG_CXX_LANGUAGE_STANDARD = "gnu++14";
				CLANG_CXX_LIBRARY = "libc++";
				CLANG_ENABLE_MODULES = YES;
				CLANG_ENABLE_OBJC_ARC = YES;
				CLANG_ENABLE_OBJC_WEAK = YES;
				CLANG_WARN_BLOCK_CAPTURE_AUTORELEASING = YES;
				CLANG_WARN_BOOL_CONVERSION = YES;
				CLANG_WARN_COMMA = YES;
				CLANG_WARN_CONSTANT_CONVERSION = YES;
				CLANG_WARN_DEPRECATED_OBJC_IMPLEMENTATIONS = YES;
				CLANG_WARN_DIRECT_OBJC_ISA_USAGE = YES_ERROR;
				CLANG_WARN_DOCUMENTATION_COMMENTS = YES;
				CLANG_WARN_EMPTY_BODY = YES;
				CLANG_WARN_ENUM_CONVERSION = YES;
				CLANG_WARN_INFINITE_RECURSION = YES;
				CLANG_WARN_INT_CONVERSION = YES;
				CLANG_WARN_NON_LITERAL_NULL_CONVERSION = YES;
				CLANG_WARN_OBJC_IMPLICIT_RETAIN_SELF = YES;
				CLANG_WARN_OBJC_LITERAL_CONVERSION = YES;
				CLANG_WARN_OBJC_ROOT_CLASS = YES_ERROR;
				CLANG_WARN_RANGE_LOOP_ANALYSIS = YES;
				CLANG_WARN_STRICT_PROTOTYPES = YES;
				CLANG_WARN_SUSPICIOUS_MOVE = YES;
				CLANG_WARN_UNGUARDED_AVAILABILITY = YES_AGGRESSIVE;
				CLANG_WARN_UNREACHABLE_CODE = YES;
				CLANG_WARN__DUPLICATE_METHOD_MATCH = YES;
				COPY_PHASE_STRIP = NO;
				DEBUG_INFORMATION_FORMAT = dwarf;
				ENABLE_STRICT_OBJC_MSGSEND = YES;
				ENABLE_TESTABILITY = YES;
				GCC_C_LANGUAGE_STANDARD = gnu11;
				GCC_DYNAMIC_NO_PIC = NO;
				GCC_NO_COMMON_BLOCKS = YES;
				GCC_OPTIMIZATION_LEVEL = 0;
				GCC_PREPROCESSOR_DEFINITIONS = (
					"DEBUG=1",
					"$(inherited)",
				);
				GCC_WARN_64_TO_32_BIT_CONVERSION = YES;
				GCC_WARN_ABOUT_RETURN_TYPE = YES_ERROR;
				GCC_WARN_UNDECLARED_SELECTOR = YES;
				GCC_WARN_UNINITIALIZED_AUTOS = YES_AGGRESSIVE;
				GCC_WARN_UNUSED_FUNCTION = YES;
				GCC_WARN_UNUSED_VARIABLE = YES;
				IPHONEOS_DEPLOYMENT_TARGET = 13.0;
				MTL_ENABLE_DEBUG_INFO = INCLUDE_SOURCE;
				MTL_FAST_MATH = YES;
				ONLY_ACTIVE_ARCH = YES;
				SDKROOT = iphoneos;
				SWIFT_ACTIVE_COMPILATION_CONDITIONS = DEBUG;
				SWIFT_OPTIMIZATION_LEVEL = "-Onone";
			};
			name = Debug;
		};
		BE63BAE8244F17F100E978AC /* Release */ = {
			isa = XCBuildConfiguration;
			buildSettings = {
				ALWAYS_SEARCH_USER_PATHS = NO;
				CLANG_ANALYZER_NONNULL = YES;
				CLANG_ANALYZER_NUMBER_OBJECT_CONVERSION = YES_AGGRESSIVE;
				CLANG_CXX_LANGUAGE_STANDARD = "gnu++14";
				CLANG_CXX_LIBRARY = "libc++";
				CLANG_ENABLE_MODULES = YES;
				CLANG_ENABLE_OBJC_ARC = YES;
				CLANG_ENABLE_OBJC_WEAK = YES;
				CLANG_WARN_BLOCK_CAPTURE_AUTORELEASING = YES;
				CLANG_WARN_BOOL_CONVERSION = YES;
				CLANG_WARN_COMMA = YES;
				CLANG_WARN_CONSTANT_CONVERSION = YES;
				CLANG_WARN_DEPRECATED_OBJC_IMPLEMENTATIONS = YES;
				CLANG_WARN_DIRECT_OBJC_ISA_USAGE = YES_ERROR;
				CLANG_WARN_DOCUMENTATION_COMMENTS = YES;
				CLANG_WARN_EMPTY_BODY = YES;
				CLANG_WARN_ENUM_CONVERSION = YES;
				CLANG_WARN_INFINITE_RECURSION = YES;
				CLANG_WARN_INT_CONVERSION = YES;
				CLANG_WARN_NON_LITERAL_NULL_CONVERSION = YES;
				CLANG_WARN_OBJC_IMPLICIT_RETAIN_SELF = YES;
				CLANG_WARN_OBJC_LITERAL_CONVERSION = YES;
				CLANG_WARN_OBJC_ROOT_CLASS = YES_ERROR;
				CLANG_WARN_RANGE_LOOP_ANALYSIS = YES;
				CLANG_WARN_STRICT_PROTOTYPES = YES;
				CLANG_WARN_SUSPICIOUS_MOVE = YES;
				CLANG_WARN_UNGUARDED_AVAILABILITY = YES_AGGRESSIVE;
				CLANG_WARN_UNREACHABLE_CODE = YES;
				CLANG_WARN__DUPLICATE_METHOD_MATCH = YES;
				COPY_PHASE_STRIP = NO;
				DEBUG_INFORMATION_FORMAT = "dwarf-with-dsym";
				ENABLE_NS_ASSERTIONS = NO;
				ENABLE_STRICT_OBJC_MSGSEND = YES;
				GCC_C_LANGUAGE_STANDARD = gnu11;
				GCC_NO_COMMON_BLOCKS = YES;
				GCC_WARN_64_TO_32_BIT_CONVERSION = YES;
				GCC_WARN_ABOUT_RETURN_TYPE = YES_ERROR;
				GCC_WARN_UNDECLARED_SELECTOR = YES;
				GCC_WARN_UNINITIALIZED_AUTOS = YES_AGGRESSIVE;
				GCC_WARN_UNUSED_FUNCTION = YES;
				GCC_WARN_UNUSED_VARIABLE = YES;
				IPHONEOS_DEPLOYMENT_TARGET = 13.0;
				MTL_ENABLE_DEBUG_INFO = NO;
				MTL_FAST_MATH = YES;
				SDKROOT = iphoneos;
				SWIFT_COMPILATION_MODE = wholemodule;
				SWIFT_OPTIMIZATION_LEVEL = "-O";
				VALIDATE_PRODUCT = YES;
			};
			name = Release;
		};
		BE63BAEA244F17F100E978AC /* Debug */ = {
			isa = XCBuildConfiguration;
			buildSettings = {
				ASSETCATALOG_COMPILER_APPICON_NAME = AppIcon;
				CODE_SIGN_STYLE = Automatic;
				DEVELOPMENT_TEAM = 67Z8CD63L2;
				INFOPLIST_FILE = GithubSearch/SupportingFiles/Info.plist;
				LD_RUNPATH_SEARCH_PATHS = (
					"$(inherited)",
					"@executable_path/Frameworks",
				);
				PRODUCT_BUNDLE_IDENTIFIER = com.jcular.GtihubSearch;
				PRODUCT_NAME = "$(TARGET_NAME)";
				SWIFT_VERSION = 5.0;
				TARGETED_DEVICE_FAMILY = "1,2";
			};
			name = Debug;
		};
		BE63BAEB244F17F100E978AC /* Release */ = {
			isa = XCBuildConfiguration;
			buildSettings = {
				ASSETCATALOG_COMPILER_APPICON_NAME = AppIcon;
				CODE_SIGN_STYLE = Automatic;
				DEVELOPMENT_TEAM = 67Z8CD63L2;
				INFOPLIST_FILE = GithubSearch/SupportingFiles/Info.plist;
				LD_RUNPATH_SEARCH_PATHS = (
					"$(inherited)",
					"@executable_path/Frameworks",
				);
				PRODUCT_BUNDLE_IDENTIFIER = com.jcular.GtihubSearch;
				PRODUCT_NAME = "$(TARGET_NAME)";
				SWIFT_VERSION = 5.0;
				TARGETED_DEVICE_FAMILY = "1,2";
			};
			name = Release;
		};
		BE63BAED244F17F100E978AC /* Debug */ = {
			isa = XCBuildConfiguration;
			buildSettings = {
				ALWAYS_EMBED_SWIFT_STANDARD_LIBRARIES = YES;
				BUNDLE_LOADER = "$(TEST_HOST)";
				CODE_SIGN_STYLE = Automatic;
				DEVELOPMENT_TEAM = 67Z8CD63L2;
				INFOPLIST_FILE = GtihubSearchTests/Info.plist;
				IPHONEOS_DEPLOYMENT_TARGET = 13.4;
				LD_RUNPATH_SEARCH_PATHS = (
					"$(inherited)",
					"@executable_path/Frameworks",
					"@loader_path/Frameworks",
				);
				PRODUCT_BUNDLE_IDENTIFIER = com.jcular.GtihubSearchTests;
				PRODUCT_NAME = "$(TARGET_NAME)";
				SWIFT_VERSION = 5.0;
				TARGETED_DEVICE_FAMILY = "1,2";
				TEST_HOST = "$(BUILT_PRODUCTS_DIR)/GithubSearch.app/GithubSearch";
			};
			name = Debug;
		};
		BE63BAEE244F17F100E978AC /* Release */ = {
			isa = XCBuildConfiguration;
			buildSettings = {
				ALWAYS_EMBED_SWIFT_STANDARD_LIBRARIES = YES;
				BUNDLE_LOADER = "$(TEST_HOST)";
				CODE_SIGN_STYLE = Automatic;
				DEVELOPMENT_TEAM = 67Z8CD63L2;
				INFOPLIST_FILE = GtihubSearchTests/Info.plist;
				IPHONEOS_DEPLOYMENT_TARGET = 13.4;
				LD_RUNPATH_SEARCH_PATHS = (
					"$(inherited)",
					"@executable_path/Frameworks",
					"@loader_path/Frameworks",
				);
				PRODUCT_BUNDLE_IDENTIFIER = com.jcular.GtihubSearchTests;
				PRODUCT_NAME = "$(TARGET_NAME)";
				SWIFT_VERSION = 5.0;
				TARGETED_DEVICE_FAMILY = "1,2";
				TEST_HOST = "$(BUILT_PRODUCTS_DIR)/GithubSearch.app/GithubSearch";
			};
			name = Release;
		};
/* End XCBuildConfiguration section */

/* Begin XCConfigurationList section */
		BE63BAC5244F17ED00E978AC /* Build configuration list for PBXProject "GithubSearch" */ = {
			isa = XCConfigurationList;
			buildConfigurations = (
				BE63BAE7244F17F100E978AC /* Debug */,
				BE63BAE8244F17F100E978AC /* Release */,
			);
			defaultConfigurationIsVisible = 0;
			defaultConfigurationName = Release;
		};
		BE63BAE9244F17F100E978AC /* Build configuration list for PBXNativeTarget "GithubSearch" */ = {
			isa = XCConfigurationList;
			buildConfigurations = (
				BE63BAEA244F17F100E978AC /* Debug */,
				BE63BAEB244F17F100E978AC /* Release */,
			);
			defaultConfigurationIsVisible = 0;
			defaultConfigurationName = Release;
		};
		BE63BAEC244F17F100E978AC /* Build configuration list for PBXNativeTarget "GithubSearchTests" */ = {
			isa = XCConfigurationList;
			buildConfigurations = (
				BE63BAED244F17F100E978AC /* Debug */,
				BE63BAEE244F17F100E978AC /* Release */,
			);
			defaultConfigurationIsVisible = 0;
			defaultConfigurationName = Release;
		};
/* End XCConfigurationList section */
	};
	rootObject = BE63BAC2244F17ED00E978AC /* Project object */;
}
